// !$*UTF8*$!
{
	archiveVersion = 1;
	classes = {
	};
	objectVersion = 50;
	objects = {

/* Begin PBXBuildFile section */
		8E534A892515C536009B047E /* main.cpp in Sources */ = {isa = PBXBuildFile; fileRef = 8E534A882515C536009B047E /* main.cpp */; };
		8E534A972515C641009B047E /* ClientTask.hpp in Sources */ = {isa = PBXBuildFile; fileRef = 8E534A902515C55D009B047E /* ClientTask.hpp */; };
		8E534A982515C641009B047E /* ServerTask.hpp in Sources */ = {isa = PBXBuildFile; fileRef = 8E534A912515C55D009B047E /* ServerTask.hpp */; };
		8E534A992515C641009B047E /* Sockets.hpp in Sources */ = {isa = PBXBuildFile; fileRef = 8E534A922515C55D009B047E /* Sockets.hpp */; };
		8E534A9A2515C641009B047E /* Sockets.cpp in Sources */ = {isa = PBXBuildFile; fileRef = 8E534A942515C55D009B047E /* Sockets.cpp */; };
		8E534A9B2515C641009B047E /* ClientTask.cpp in Sources */ = {isa = PBXBuildFile; fileRef = 8E534A952515C55D009B047E /* ClientTask.cpp */; };
		8E534A9C2515C641009B047E /* ServerTask.cpp in Sources */ = {isa = PBXBuildFile; fileRef = 8E534A962515C55D009B047E /* ServerTask.cpp */; };
/* End PBXBuildFile section */

/* Begin PBXCopyFilesBuildPhase section */
		8E534A832515C536009B047E /* CopyFiles */ = {
			isa = PBXCopyFilesBuildPhase;
			buildActionMask = 2147483647;
			dstPath = /usr/share/man/man1/;
			dstSubfolderSpec = 0;
			files = (
			);
			runOnlyForDeploymentPostprocessing = 1;
		};
/* End PBXCopyFilesBuildPhase section */

/* Begin PBXFileReference section */
		8E534A852515C536009B047E /* FileTransportServer */ = {isa = PBXFileReference; explicitFileType = "compiled.mach-o.executable"; includeInIndex = 0; path = FileTransportServer; sourceTree = BUILT_PRODUCTS_DIR; };
		8E534A882515C536009B047E /* main.cpp */ = {isa = PBXFileReference; lastKnownFileType = sourcecode.cpp.cpp; path = main.cpp; sourceTree = "<group>"; };
		8E534A902515C55D009B047E /* ClientTask.hpp */ = {isa = PBXFileReference; lastKnownFileType = sourcecode.cpp.h; path = ClientTask.hpp; sourceTree = "<group>"; };
		8E534A912515C55D009B047E /* ServerTask.hpp */ = {isa = PBXFileReference; lastKnownFileType = sourcecode.cpp.h; path = ServerTask.hpp; sourceTree = "<group>"; };
		8E534A922515C55D009B047E /* Sockets.hpp */ = {isa = PBXFileReference; lastKnownFileType = sourcecode.cpp.h; path = Sockets.hpp; sourceTree = "<group>"; };
		8E534A932515C55D009B047E /* README.md */ = {isa = PBXFileReference; lastKnownFileType = net.daringfireball.markdown; path = README.md; sourceTree = "<group>"; };
		8E534A942515C55D009B047E /* Sockets.cpp */ = {isa = PBXFileReference; lastKnownFileType = sourcecode.cpp.cpp; path = Sockets.cpp; sourceTree = "<group>"; };
		8E534A952515C55D009B047E /* ClientTask.cpp */ = {isa = PBXFileReference; lastKnownFileType = sourcecode.cpp.cpp; path = ClientTask.cpp; sourceTree = "<group>"; };
		8E534A962515C55D009B047E /* ServerTask.cpp */ = {isa = PBXFileReference; lastKnownFileType = sourcecode.cpp.cpp; path = ServerTask.cpp; sourceTree = "<group>"; };
/* End PBXFileReference section */

/* Begin PBXFrameworksBuildPhase section */
		8E534A822515C536009B047E /* Frameworks */ = {
			isa = PBXFrameworksBuildPhase;
			buildActionMask = 2147483647;
			files = (
			);
			runOnlyForDeploymentPostprocessing = 0;
		};
/* End PBXFrameworksBuildPhase section */

/* Begin PBXGroup section */
		8E534A7C2515C536009B047E = {
			isa = PBXGroup;
			children = (
				8E534A872515C536009B047E /* FileTransportServer */,
				8E534A862515C536009B047E /* Products */,
			);
			sourceTree = "<group>";
		};
		8E534A862515C536009B047E /* Products */ = {
			isa = PBXGroup;
			children = (
				8E534A852515C536009B047E /* FileTransportServer */,
			);
			name = Products;
			sourceTree = "<group>";
		};
		8E534A872515C536009B047E /* FileTransportServer */ = {
			isa = PBXGroup;
			children = (
				8E534A882515C536009B047E /* main.cpp */,
				8E534A8F2515C55D009B047E /* SocketTask-master */,
			);
			path = FileTransportServer;
			sourceTree = "<group>";
		};
		8E534A8F2515C55D009B047E /* SocketTask-master */ = {
			isa = PBXGroup;
			children = (
				8E534A902515C55D009B047E /* ClientTask.hpp */,
				8E534A912515C55D009B047E /* ServerTask.hpp */,
				8E534A922515C55D009B047E /* Sockets.hpp */,
				8E534A932515C55D009B047E /* README.md */,
				8E534A942515C55D009B047E /* Sockets.cpp */,
				8E534A952515C55D009B047E /* ClientTask.cpp */,
				8E534A962515C55D009B047E /* ServerTask.cpp */,
			);
			path = "SocketTask-master";
			sourceTree = "<group>";
		};
/* End PBXGroup section */

/* Begin PBXNativeTarget section */
		8E534A842515C536009B047E /* FileTransportServer */ = {
			isa = PBXNativeTarget;
			buildConfigurationList = 8E534A8C2515C536009B047E /* Build configuration list for PBXNativeTarget "FileTransportServer" */;
			buildPhases = (
				8E534A812515C536009B047E /* Sources */,
				8E534A822515C536009B047E /* Frameworks */,
				8E534A832515C536009B047E /* CopyFiles */,
			);
			buildRules = (
			);
			dependencies = (
			);
			name = FileTransportServer;
			productName = FileTransportServer;
			productReference = 8E534A852515C536009B047E /* FileTransportServer */;
			productType = "com.apple.product-type.tool";
		};
/* End PBXNativeTarget section */

/* Begin PBXProject section */
		8E534A7D2515C536009B047E /* Project object */ = {
			isa = PBXProject;
			attributes = {
				LastUpgradeCheck = 1170;
				ORGANIZATIONNAME = "王子豪";
				TargetAttributes = {
					8E534A842515C536009B047E = {
						CreatedOnToolsVersion = 11.7;
					};
				};
			};
			buildConfigurationList = 8E534A802515C536009B047E /* Build configuration list for PBXProject "FileTransportServer" */;
			compatibilityVersion = "Xcode 9.3";
			developmentRegion = en;
			hasScannedForEncodings = 0;
			knownRegions = (
				en,
				Base,
			);
			mainGroup = 8E534A7C2515C536009B047E;
			productRefGroup = 8E534A862515C536009B047E /* Products */;
			projectDirPath = "";
			projectRoot = "";
			targets = (
				8E534A842515C536009B047E /* FileTransportServer */,
			);
		};
/* End PBXProject section */

/* Begin PBXSourcesBuildPhase section */
		8E534A812515C536009B047E /* Sources */ = {
			isa = PBXSourcesBuildPhase;
			buildActionMask = 2147483647;
			files = (
				8E534A972515C641009B047E /* ClientTask.hpp in Sources */,
				8E534A982515C641009B047E /* ServerTask.hpp in Sources */,
				8E534A992515C641009B047E /* Sockets.hpp in Sources */,
				8E534A9A2515C641009B047E /* Sockets.cpp in Sources */,
				8E534A9B2515C641009B047E /* ClientTask.cpp in Sources */,
				8E534A9C2515C641009B047E /* ServerTask.cpp in Sources */,
				8E534A892515C536009B047E /* main.cpp in Sources */,
			);
			runOnlyForDeploymentPostprocessing = 0;
		};
/* End PBXSourcesBuildPhase section */

/* Begin XCBuildConfiguration section */
		8E534A8A2515C536009B047E /* Debug */ = {
			isa = XCBuildConfiguration;
			buildSettings = {
				ALWAYS_SEARCH_USER_PATHS = NO;
				CLANG_ANALYZER_NONNULL = YES;
				CLANG_ANALYZER_NUMBER_OBJECT_CONVERSION = YES_AGGRESSIVE;
				CLANG_CXX_LANGUAGE_STANDARD = "gnu++14";
				CLANG_CXX_LIBRARY = "libc++";
				CLANG_ENABLE_MODULES = YES;
				CLANG_ENABLE_OBJC_ARC = YES;
				CLANG_ENABLE_OBJC_WEAK = YES;
				CLANG_WARN_BLOCK_CAPTURE_AUTORELEASING = YES;
				CLANG_WARN_BOOL_CONVERSION = YES;
				CLANG_WARN_COMMA = YES;
				CLANG_WARN_CONSTANT_CONVERSION = YES;
				CLANG_WARN_DEPRECATED_OBJC_IMPLEMENTATIONS = YES;
				CLANG_WARN_DIRECT_OBJC_ISA_USAGE = YES_ERROR;
				CLANG_WARN_DOCUMENTATION_COMMENTS = YES;
				CLANG_WARN_EMPTY_BODY = YES;
				CLANG_WARN_ENUM_CONVERSION = YES;
				CLANG_WARN_INFINITE_RECURSION = YES;
				CLANG_WARN_INT_CONVERSION = YES;
				CLANG_WARN_NON_LITERAL_NULL_CONVERSION = YES;
				CLANG_WARN_OBJC_IMPLICIT_RETAIN_SELF = YES;
				CLANG_WARN_OBJC_LITERAL_CONVERSION = YES;
				CLANG_WARN_OBJC_ROOT_CLASS = YES_ERROR;
				CLANG_WARN_RANGE_LOOP_ANALYSIS = YES;
				CLANG_WARN_STRICT_PROTOTYPES = YES;
				CLANG_WARN_SUSPICIOUS_MOVE = YES;
				CLANG_WARN_UNGUARDED_AVAILABILITY = YES_AGGRESSIVE;
				CLANG_WARN_UNREACHABLE_CODE = YES;
				CLANG_WARN__DUPLICATE_METHOD_MATCH = YES;
				COPY_PHASE_STRIP = NO;
				DEBUG_INFORMATION_FORMAT = dwarf;
				ENABLE_STRICT_OBJC_MSGSEND = YES;
				ENABLE_TESTABILITY = YES;
				GCC_C_LANGUAGE_STANDARD = gnu11;
				GCC_DYNAMIC_NO_PIC = NO;
				GCC_NO_COMMON_BLOCKS = YES;
				GCC_OPTIMIZATION_LEVEL = 0;
				GCC_PREPROCESSOR_DEFINITIONS = (
					"DEBUG=1",
					"$(inherited)",
				);
				GCC_WARN_64_TO_32_BIT_CONVERSION = YES;
				GCC_WARN_ABOUT_RETURN_TYPE = YES_ERROR;
				GCC_WARN_UNDECLARED_SELECTOR = YES;
				GCC_WARN_UNINITIALIZED_AUTOS = YES_AGGRESSIVE;
				GCC_WARN_UNUSED_FUNCTION = YES;
				GCC_WARN_UNUSED_VARIABLE = YES;
				MACOSX_DEPLOYMENT_TARGET = 10.15;
				MTL_ENABLE_DEBUG_INFO = INCLUDE_SOURCE;
				MTL_FAST_MATH = YES;
				ONLY_ACTIVE_ARCH = YES;
				SDKROOT = macosx;
			};
			name = Debug;
		};
		8E534A8B2515C536009B047E /* Release */ = {
			isa = XCBuildConfiguration;
			buildSettings = {
				ALWAYS_SEARCH_USER_PATHS = NO;
				CLANG_ANALYZER_NONNULL = YES;
				CLANG_ANALYZER_NUMBER_OBJECT_CONVERSION = YES_AGGRESSIVE;
				CLANG_CXX_LANGUAGE_STANDARD = "gnu++14";
				CLANG_CXX_LIBRARY = "libc++";
				CLANG_ENABLE_MODULES = YES;
				CLANG_ENABLE_OBJC_ARC = YES;
				CLANG_ENABLE_OBJC_WEAK = YES;
				CLANG_WARN_BLOCK_CAPTURE_AUTORELEASING = YES;
				CLANG_WARN_BOOL_CONVERSION = YES;
				CLANG_WARN_COMMA = YES;
				CLANG_WARN_CONSTANT_CONVERSION = YES;
				CLANG_WARN_DEPRECATED_OBJC_IMPLEMENTATIONS = YES;
				CLANG_WARN_DIRECT_OBJC_ISA_USAGE = YES_ERROR;
				CLANG_WARN_DOCUMENTATION_COMMENTS = YES;
				CLANG_WARN_EMPTY_BODY = YES;
				CLANG_WARN_ENUM_CONVERSION = YES;
				CLANG_WARN_INFINITE_RECURSION = YES;
				CLANG_WARN_INT_CONVERSION = YES;
				CLANG_WARN_NON_LITERAL_NULL_CONVERSION = YES;
				CLANG_WARN_OBJC_IMPLICIT_RETAIN_SELF = YES;
				CLANG_WARN_OBJC_LITERAL_CONVERSION = YES;
				CLANG_WARN_OBJC_ROOT_CLASS = YES_ERROR;
				CLANG_WARN_RANGE_LOOP_ANALYSIS = YES;
				CLANG_WARN_STRICT_PROTOTYPES = YES;
				CLANG_WARN_SUSPICIOUS_MOVE = YES;
				CLANG_WARN_UNGUARDED_AVAILABILITY = YES_AGGRESSIVE;
				CLANG_WARN_UNREACHABLE_CODE = YES;
				CLANG_WARN__DUPLICATE_METHOD_MATCH = YES;
				COPY_PHASE_STRIP = NO;
				DEBUG_INFORMATION_FORMAT = "dwarf-with-dsym";
				ENABLE_NS_ASSERTIONS = NO;
				ENABLE_STRICT_OBJC_MSGSEND = YES;
				GCC_C_LANGUAGE_STANDARD = gnu11;
				GCC_NO_COMMON_BLOCKS = YES;
				GCC_WARN_64_TO_32_BIT_CONVERSION = YES;
				GCC_WARN_ABOUT_RETURN_TYPE = YES_ERROR;
				GCC_WARN_UNDECLARED_SELECTOR = YES;
				GCC_WARN_UNINITIALIZED_AUTOS = YES_AGGRESSIVE;
				GCC_WARN_UNUSED_FUNCTION = YES;
				GCC_WARN_UNUSED_VARIABLE = YES;
				MACOSX_DEPLOYMENT_TARGET = 10.15;
				MTL_ENABLE_DEBUG_INFO = NO;
				MTL_FAST_MATH = YES;
				SDKROOT = macosx;
			};
			name = Release;
		};
		8E534A8D2515C536009B047E /* Debug */ = {
			isa = XCBuildConfiguration;
			buildSettings = {
				CODE_SIGN_STYLE = Automatic;
				PRODUCT_NAME = "$(TARGET_NAME)";
			};
			name = Debug;
		};
		8E534A8E2515C536009B047E /* Release */ = {
			isa = XCBuildConfiguration;
			buildSettings = {
				CODE_SIGN_STYLE = Automatic;
				PRODUCT_NAME = "$(TARGET_NAME)";
			};
			name = Release;
		};
/* End XCBuildConfiguration section */

/* Begin XCConfigurationList section */
		8E534A802515C536009B047E /* Build configuration list for PBXProject "FileTransportServer" */ = {
			isa = XCConfigurationList;
			buildConfigurations = (
				8E534A8A2515C536009B047E /* Debug */,
				8E534A8B2515C536009B047E /* Release */,
			);
			defaultConfigurationIsVisible = 0;
			defaultConfigurationName = Release;
		};
		8E534A8C2515C536009B047E /* Build configuration list for PBXNativeTarget "FileTransportServer" */ = {
			isa = XCConfigurationList;
			buildConfigurations = (
				8E534A8D2515C536009B047E /* Debug */,
				8E534A8E2515C536009B047E /* Release */,
			);
			defaultConfigurationIsVisible = 0;
			defaultConfigurationName = Release;
		};
/* End XCConfigurationList section */
	};
	rootObject = 8E534A7D2515C536009B047E /* Project object */;
}
